
Microsoft Visual Studio Solution File, Format Version 12.00
# Visual Studio Version 16
VisualStudioVersion = 16.0.29709.97
MinimumVisualStudioVersion = 10.0.40219.1
Project("{FAE04EC0-301F-11D3-BF4B-00C04F79EFBC}") = "ELMFS", "ELMFS\ELMFS.csproj", "{83A3073B-2ACC-4840-AD77-BC0B90910B64}"
EndProject
Global
	GlobalSection(SolutionConfigurationPlatforms) = preSolution
		Debug|Any CPU = Debug|Any CPU
		Release|Any CPU = Release|Any CPU
	EndGlobalSection
	GlobalSection(ProjectConfigurationPlatforms) = postSolution
		{83A3073B-2ACC-4840-AD77-BC0B90910B64}.Debug|Any CPU.ActiveCfg = Debug|Any CPU
		{83A3073B-2ACC-4840-AD77-BC0B90910B64}.Debug|Any CPU.Build.0 = Debug|Any CPU
		{83A3073B-2ACC-4840-AD77-BC0B90910B64}.Release|Any CPU.ActiveCfg = Release|Any CPU
		{83A3073B-2ACC-4840-AD77-BC0B90910B64}.Release|Any CPU.Build.0 = Release|Any CPU
	EndGlobalSection
	GlobalSection(SolutionProperties) = preSolution
		HideSolutionNode = FALSE
	EndGlobalSection
	GlobalSection(ExtensibilityGlobals) = postSolution
		SolutionGuid = {E38E5F12-5CFC-49B9-BF7D-FFD04FF50F7E}
	EndGlobalSection
EndGlobal
